// !$*UTF8*$!
{
	archiveVersion = 1;
	classes = {
	};
	objectVersion = 51;
	objects = {

/* Begin PBXBuildFile section */
		3A1C67E0239F5A8500E0B323 /* AppDelegate.swift in Sources */ = {isa = PBXBuildFile; fileRef = 3A1C67DF239F5A8500E0B323 /* AppDelegate.swift */; };
		3A1C67E2239F5A8500E0B323 /* SceneDelegate.swift in Sources */ = {isa = PBXBuildFile; fileRef = 3A1C67E1239F5A8500E0B323 /* SceneDelegate.swift */; };
		3A1C67E4239F5A8500E0B323 /* ViewController.swift in Sources */ = {isa = PBXBuildFile; fileRef = 3A1C67E3239F5A8500E0B323 /* ViewController.swift */; };
		3A1C67E7239F5A8500E0B323 /* Main.storyboard in Resources */ = {isa = PBXBuildFile; fileRef = 3A1C67E5239F5A8500E0B323 /* Main.storyboard */; };
		3A1C67E9239F5A8600E0B323 /* Assets.xcassets in Resources */ = {isa = PBXBuildFile; fileRef = 3A1C67E8239F5A8600E0B323 /* Assets.xcassets */; };
		3A1C67EC239F5A8600E0B323 /* LaunchScreen.storyboard in Resources */ = {isa = PBXBuildFile; fileRef = 3A1C67EA239F5A8600E0B323 /* LaunchScreen.storyboard */; };
		3A1C67F7239F5A8600E0B323 /* Swivel_NewsTests.swift in Sources */ = {isa = PBXBuildFile; fileRef = 3A1C67F6239F5A8600E0B323 /* Swivel_NewsTests.swift */; };
		3A1C6802239F5A8600E0B323 /* Swivel_NewsUITests.swift in Sources */ = {isa = PBXBuildFile; fileRef = 3A1C6801239F5A8600E0B323 /* Swivel_NewsUITests.swift */; };
		3A1C6813239F653300E0B323 /* GoogleService-Info.plist in Resources */ = {isa = PBXBuildFile; fileRef = 3A1C6812239F653300E0B323 /* GoogleService-Info.plist */; };
		3A1C6815239F66CB00E0B323 /* Switcher.swift in Sources */ = {isa = PBXBuildFile; fileRef = 3A1C6814239F66CB00E0B323 /* Switcher.swift */; };
		3A1C6819239F67B600E0B323 /* AuthenticationNavigation.swift in Sources */ = {isa = PBXBuildFile; fileRef = 3A1C6818239F67B600E0B323 /* AuthenticationNavigation.swift */; };
		3A1C681B239F682200E0B323 /* ApplicationNavigation.swift in Sources */ = {isa = PBXBuildFile; fileRef = 3A1C681A239F682200E0B323 /* ApplicationNavigation.swift */; };
		3AF192FD239F6FD900C06E62 /* AllNewsVC.swift in Sources */ = {isa = PBXBuildFile; fileRef = 3AF192FC239F6FD900C06E62 /* AllNewsVC.swift */; };
		3AF192FF239F709F00C06E62 /* RestClient.swift in Sources */ = {isa = PBXBuildFile; fileRef = 3AF192FE239F709F00C06E62 /* RestClient.swift */; };
		3AF19301239F70B800C06E62 /* ResponseSwift.swift in Sources */ = {isa = PBXBuildFile; fileRef = 3AF19300239F70B800C06E62 /* ResponseSwift.swift */; };
		3AF19304239F73C500C06E62 /* AppConstants.swift in Sources */ = {isa = PBXBuildFile; fileRef = 3AF19303239F73C500C06E62 /* AppConstants.swift */; };
		3AF19306239F743200C06E62 /* UrlConstants.swift in Sources */ = {isa = PBXBuildFile; fileRef = 3AF19305239F743200C06E62 /* UrlConstants.swift */; };
		3AF19309239F885800C06E62 /* FeatureNewsCell.swift in Sources */ = {isa = PBXBuildFile; fileRef = 3AF19308239F885800C06E62 /* FeatureNewsCell.swift */; };
		3AF1930B239F997900C06E62 /* AllNewsCell.swift in Sources */ = {isa = PBXBuildFile; fileRef = 3AF1930A239F997900C06E62 /* AllNewsCell.swift */; };
		5B16D06ECB10F47D8DF86A82 /* Pods_Swivel_News_Swivel_NewsUITests.framework in Frameworks */ = {isa = PBXBuildFile; fileRef = 1B19D0D775960EA34E403D44 /* Pods_Swivel_News_Swivel_NewsUITests.framework */; };
		C80710913F211B6721DF38E5 /* Pods_Swivel_News.framework in Frameworks */ = {isa = PBXBuildFile; fileRef = B9C1E0E266ABF0B89AF28F5A /* Pods_Swivel_News.framework */; };
		EB309D7FDCF0CB27EEAFB9A1 /* Pods_Swivel_NewsTests.framework in Frameworks */ = {isa = PBXBuildFile; fileRef = 8B0A11D0FDDC8F76C3DDEDEB /* Pods_Swivel_NewsTests.framework */; };
/* End PBXBuildFile section */

/* Begin PBXContainerItemProxy section */
		3A1C67F3239F5A8600E0B323 /* PBXContainerItemProxy */ = {
			isa = PBXContainerItemProxy;
			containerPortal = 3A1C67D4239F5A8500E0B323 /* Project object */;
			proxyType = 1;
			remoteGlobalIDString = 3A1C67DB239F5A8500E0B323;
			remoteInfo = "Swivel-News";
		};
		3A1C67FE239F5A8600E0B323 /* PBXContainerItemProxy */ = {
			isa = PBXContainerItemProxy;
			containerPortal = 3A1C67D4239F5A8500E0B323 /* Project object */;
			proxyType = 1;
			remoteGlobalIDString = 3A1C67DB239F5A8500E0B323;
			remoteInfo = "Swivel-News";
		};
/* End PBXContainerItemProxy section */

/* Begin PBXFileReference section */
		1AAFB8AF9A554FE203F893A7 /* Pods-Swivel-News-Swivel-NewsUITests.debug.xcconfig */ = {isa = PBXFileReference; includeInIndex = 1; lastKnownFileType = text.xcconfig; name = "Pods-Swivel-News-Swivel-NewsUITests.debug.xcconfig"; path = "Target Support Files/Pods-Swivel-News-Swivel-NewsUITests/Pods-Swivel-News-Swivel-NewsUITests.debug.xcconfig"; sourceTree = "<group>"; };
		1B19D0D775960EA34E403D44 /* Pods_Swivel_News_Swivel_NewsUITests.framework */ = {isa = PBXFileReference; explicitFileType = wrapper.framework; includeInIndex = 0; path = Pods_Swivel_News_Swivel_NewsUITests.framework; sourceTree = BUILT_PRODUCTS_DIR; };
		2D283CD98460D7CF4C590934 /* Pods-Swivel-NewsTests.debug.xcconfig */ = {isa = PBXFileReference; includeInIndex = 1; lastKnownFileType = text.xcconfig; name = "Pods-Swivel-NewsTests.debug.xcconfig"; path = "Target Support Files/Pods-Swivel-NewsTests/Pods-Swivel-NewsTests.debug.xcconfig"; sourceTree = "<group>"; };
		359017495460F22955F04229 /* Pods-Swivel-News-Swivel-NewsUITests.release.xcconfig */ = {isa = PBXFileReference; includeInIndex = 1; lastKnownFileType = text.xcconfig; name = "Pods-Swivel-News-Swivel-NewsUITests.release.xcconfig"; path = "Target Support Files/Pods-Swivel-News-Swivel-NewsUITests/Pods-Swivel-News-Swivel-NewsUITests.release.xcconfig"; sourceTree = "<group>"; };
		3A1C67DC239F5A8500E0B323 /* Swivel-News.app */ = {isa = PBXFileReference; explicitFileType = wrapper.application; includeInIndex = 0; path = "Swivel-News.app"; sourceTree = BUILT_PRODUCTS_DIR; };
		3A1C67DF239F5A8500E0B323 /* AppDelegate.swift */ = {isa = PBXFileReference; lastKnownFileType = sourcecode.swift; path = AppDelegate.swift; sourceTree = "<group>"; };
		3A1C67E1239F5A8500E0B323 /* SceneDelegate.swift */ = {isa = PBXFileReference; lastKnownFileType = sourcecode.swift; path = SceneDelegate.swift; sourceTree = "<group>"; };
		3A1C67E3239F5A8500E0B323 /* ViewController.swift */ = {isa = PBXFileReference; lastKnownFileType = sourcecode.swift; path = ViewController.swift; sourceTree = "<group>"; };
		3A1C67E6239F5A8500E0B323 /* Base */ = {isa = PBXFileReference; lastKnownFileType = file.storyboard; name = Base; path = Base.lproj/Main.storyboard; sourceTree = "<group>"; };
		3A1C67E8239F5A8600E0B323 /* Assets.xcassets */ = {isa = PBXFileReference; lastKnownFileType = folder.assetcatalog; path = Assets.xcassets; sourceTree = "<group>"; };
		3A1C67EB239F5A8600E0B323 /* Base */ = {isa = PBXFileReference; lastKnownFileType = file.storyboard; name = Base; path = Base.lproj/LaunchScreen.storyboard; sourceTree = "<group>"; };
		3A1C67ED239F5A8600E0B323 /* Info.plist */ = {isa = PBXFileReference; lastKnownFileType = text.plist.xml; path = Info.plist; sourceTree = "<group>"; };
		3A1C67F2239F5A8600E0B323 /* Swivel-NewsTests.xctest */ = {isa = PBXFileReference; explicitFileType = wrapper.cfbundle; includeInIndex = 0; path = "Swivel-NewsTests.xctest"; sourceTree = BUILT_PRODUCTS_DIR; };
		3A1C67F6239F5A8600E0B323 /* Swivel_NewsTests.swift */ = {isa = PBXFileReference; lastKnownFileType = sourcecode.swift; path = Swivel_NewsTests.swift; sourceTree = "<group>"; };
		3A1C67F8239F5A8600E0B323 /* Info.plist */ = {isa = PBXFileReference; lastKnownFileType = text.plist.xml; path = Info.plist; sourceTree = "<group>"; };
		3A1C67FD239F5A8600E0B323 /* Swivel-NewsUITests.xctest */ = {isa = PBXFileReference; explicitFileType = wrapper.cfbundle; includeInIndex = 0; path = "Swivel-NewsUITests.xctest"; sourceTree = BUILT_PRODUCTS_DIR; };
		3A1C6801239F5A8600E0B323 /* Swivel_NewsUITests.swift */ = {isa = PBXFileReference; lastKnownFileType = sourcecode.swift; path = Swivel_NewsUITests.swift; sourceTree = "<group>"; };
		3A1C6803239F5A8600E0B323 /* Info.plist */ = {isa = PBXFileReference; lastKnownFileType = text.plist.xml; path = Info.plist; sourceTree = "<group>"; };
		3A1C6812239F653300E0B323 /* GoogleService-Info.plist */ = {isa = PBXFileReference; fileEncoding = 4; lastKnownFileType = text.plist.xml; path = "GoogleService-Info.plist"; sourceTree = "<group>"; };
		3A1C6814239F66CB00E0B323 /* Switcher.swift */ = {isa = PBXFileReference; lastKnownFileType = sourcecode.swift; path = Switcher.swift; sourceTree = "<group>"; };
		3A1C6818239F67B600E0B323 /* AuthenticationNavigation.swift */ = {isa = PBXFileReference; lastKnownFileType = sourcecode.swift; path = AuthenticationNavigation.swift; sourceTree = "<group>"; };
		3A1C681A239F682200E0B323 /* ApplicationNavigation.swift */ = {isa = PBXFileReference; lastKnownFileType = sourcecode.swift; path = ApplicationNavigation.swift; sourceTree = "<group>"; };
		3AF192FC239F6FD900C06E62 /* AllNewsVC.swift */ = {isa = PBXFileReference; lastKnownFileType = sourcecode.swift; path = AllNewsVC.swift; sourceTree = "<group>"; };
		3AF192FE239F709F00C06E62 /* RestClient.swift */ = {isa = PBXFileReference; lastKnownFileType = sourcecode.swift; path = RestClient.swift; sourceTree = "<group>"; };
		3AF19300239F70B800C06E62 /* ResponseSwift.swift */ = {isa = PBXFileReference; lastKnownFileType = sourcecode.swift; path = ResponseSwift.swift; sourceTree = "<group>"; };
		3AF19303239F73C500C06E62 /* AppConstants.swift */ = {isa = PBXFileReference; lastKnownFileType = sourcecode.swift; path = AppConstants.swift; sourceTree = "<group>"; };
		3AF19305239F743200C06E62 /* UrlConstants.swift */ = {isa = PBXFileReference; lastKnownFileType = sourcecode.swift; path = UrlConstants.swift; sourceTree = "<group>"; };
		3AF19308239F885800C06E62 /* FeatureNewsCell.swift */ = {isa = PBXFileReference; lastKnownFileType = sourcecode.swift; path = FeatureNewsCell.swift; sourceTree = "<group>"; };
		3AF1930A239F997900C06E62 /* AllNewsCell.swift */ = {isa = PBXFileReference; lastKnownFileType = sourcecode.swift; path = AllNewsCell.swift; sourceTree = "<group>"; };
		7BFAFD1A836FA372503597C1 /* Pods-Swivel-News.release.xcconfig */ = {isa = PBXFileReference; includeInIndex = 1; lastKnownFileType = text.xcconfig; name = "Pods-Swivel-News.release.xcconfig"; path = "Target Support Files/Pods-Swivel-News/Pods-Swivel-News.release.xcconfig"; sourceTree = "<group>"; };
		869213663EA1927B155862C1 /* Pods-Swivel-NewsTests.release.xcconfig */ = {isa = PBXFileReference; includeInIndex = 1; lastKnownFileType = text.xcconfig; name = "Pods-Swivel-NewsTests.release.xcconfig"; path = "Target Support Files/Pods-Swivel-NewsTests/Pods-Swivel-NewsTests.release.xcconfig"; sourceTree = "<group>"; };
		8B0A11D0FDDC8F76C3DDEDEB /* Pods_Swivel_NewsTests.framework */ = {isa = PBXFileReference; explicitFileType = wrapper.framework; includeInIndex = 0; path = Pods_Swivel_NewsTests.framework; sourceTree = BUILT_PRODUCTS_DIR; };
		B760F242F6FDADD315C01120 /* Pods-Swivel-News.debug.xcconfig */ = {isa = PBXFileReference; includeInIndex = 1; lastKnownFileType = text.xcconfig; name = "Pods-Swivel-News.debug.xcconfig"; path = "Target Support Files/Pods-Swivel-News/Pods-Swivel-News.debug.xcconfig"; sourceTree = "<group>"; };
		B9C1E0E266ABF0B89AF28F5A /* Pods_Swivel_News.framework */ = {isa = PBXFileReference; explicitFileType = wrapper.framework; includeInIndex = 0; path = Pods_Swivel_News.framework; sourceTree = BUILT_PRODUCTS_DIR; };
/* End PBXFileReference section */

/* Begin PBXFrameworksBuildPhase section */
		3A1C67D9239F5A8500E0B323 /* Frameworks */ = {
			isa = PBXFrameworksBuildPhase;
			buildActionMask = 2147483647;
			files = (
				C80710913F211B6721DF38E5 /* Pods_Swivel_News.framework in Frameworks */,
			);
			runOnlyForDeploymentPostprocessing = 0;
		};
		3A1C67EF239F5A8600E0B323 /* Frameworks */ = {
			isa = PBXFrameworksBuildPhase;
			buildActionMask = 2147483647;
			files = (
				EB309D7FDCF0CB27EEAFB9A1 /* Pods_Swivel_NewsTests.framework in Frameworks */,
			);
			runOnlyForDeploymentPostprocessing = 0;
		};
		3A1C67FA239F5A8600E0B323 /* Frameworks */ = {
			isa = PBXFrameworksBuildPhase;
			buildActionMask = 2147483647;
			files = (
				5B16D06ECB10F47D8DF86A82 /* Pods_Swivel_News_Swivel_NewsUITests.framework in Frameworks */,
			);
			runOnlyForDeploymentPostprocessing = 0;
		};
/* End PBXFrameworksBuildPhase section */

/* Begin PBXGroup section */
		38EA01FD1421199E453937C9 /* Pods */ = {
			isa = PBXGroup;
			children = (
				B760F242F6FDADD315C01120 /* Pods-Swivel-News.debug.xcconfig */,
				7BFAFD1A836FA372503597C1 /* Pods-Swivel-News.release.xcconfig */,
				1AAFB8AF9A554FE203F893A7 /* Pods-Swivel-News-Swivel-NewsUITests.debug.xcconfig */,
				359017495460F22955F04229 /* Pods-Swivel-News-Swivel-NewsUITests.release.xcconfig */,
				2D283CD98460D7CF4C590934 /* Pods-Swivel-NewsTests.debug.xcconfig */,
				869213663EA1927B155862C1 /* Pods-Swivel-NewsTests.release.xcconfig */,
			);
			path = Pods;
			sourceTree = "<group>";
		};
		3A1C67D3239F5A8500E0B323 = {
			isa = PBXGroup;
			children = (
				3A1C67DE239F5A8500E0B323 /* Swivel-News */,
				3A1C67F5239F5A8600E0B323 /* Swivel-NewsTests */,
				3A1C6800239F5A8600E0B323 /* Swivel-NewsUITests */,
				3A1C67DD239F5A8500E0B323 /* Products */,
				38EA01FD1421199E453937C9 /* Pods */,
				42E7BF53C9B8558709C2C9E8 /* Frameworks */,
			);
			sourceTree = "<group>";
		};
		3A1C67DD239F5A8500E0B323 /* Products */ = {
			isa = PBXGroup;
			children = (
				3A1C67DC239F5A8500E0B323 /* Swivel-News.app */,
				3A1C67F2239F5A8600E0B323 /* Swivel-NewsTests.xctest */,
				3A1C67FD239F5A8600E0B323 /* Swivel-NewsUITests.xctest */,
			);
			name = Products;
			sourceTree = "<group>";
		};
		3A1C67DE239F5A8500E0B323 /* Swivel-News */ = {
			isa = PBXGroup;
			children = (
				3A1C6811239F64B900E0B323 /* Controller */,
				3A1C6810239F648800E0B323 /* View */,
				3A1C680F239F647C00E0B323 /* Model */,
				3A1C67DF239F5A8500E0B323 /* AppDelegate.swift */,
				3A1C67E1239F5A8500E0B323 /* SceneDelegate.swift */,
				3A1C67E3239F5A8500E0B323 /* ViewController.swift */,
				3A1C67E5239F5A8500E0B323 /* Main.storyboard */,
				3A1C67E8239F5A8600E0B323 /* Assets.xcassets */,
				3A1C67EA239F5A8600E0B323 /* LaunchScreen.storyboard */,
				3A1C67ED239F5A8600E0B323 /* Info.plist */,
				3A1C6812239F653300E0B323 /* GoogleService-Info.plist */,
			);
			path = "Swivel-News";
			sourceTree = "<group>";
		};
		3A1C67F5239F5A8600E0B323 /* Swivel-NewsTests */ = {
			isa = PBXGroup;
			children = (
				3A1C67F6239F5A8600E0B323 /* Swivel_NewsTests.swift */,
				3A1C67F8239F5A8600E0B323 /* Info.plist */,
			);
			path = "Swivel-NewsTests";
			sourceTree = "<group>";
		};
		3A1C6800239F5A8600E0B323 /* Swivel-NewsUITests */ = {
			isa = PBXGroup;
			children = (
				3A1C6801239F5A8600E0B323 /* Swivel_NewsUITests.swift */,
				3A1C6803239F5A8600E0B323 /* Info.plist */,
			);
			path = "Swivel-NewsUITests";
			sourceTree = "<group>";
		};
		3A1C680F239F647C00E0B323 /* Model */ = {
			isa = PBXGroup;
			children = (
				3AF19302239F73B400C06E62 /* Helper */,
				3AF192FE239F709F00C06E62 /* RestClient.swift */,
				3AF19300239F70B800C06E62 /* ResponseSwift.swift */,
			);
			path = Model;
			sourceTree = "<group>";
		};
		3A1C6810239F648800E0B323 /* View */ = {
			isa = PBXGroup;
			children = (
				3AF19307239F882700C06E62 /* Cell */,
				3AF192FC239F6FD900C06E62 /* AllNewsVC.swift */,
			);
			path = View;
			sourceTree = "<group>";
		};
		3A1C6811239F64B900E0B323 /* Controller */ = {
			isa = PBXGroup;
			children = (
				3A1C6814239F66CB00E0B323 /* Switcher.swift */,
				3A1C6818239F67B600E0B323 /* AuthenticationNavigation.swift */,
				3A1C681A239F682200E0B323 /* ApplicationNavigation.swift */,
			);
			path = Controller;
			sourceTree = "<group>";
		};
		3AF19302239F73B400C06E62 /* Helper */ = {
			isa = PBXGroup;
			children = (
				3AF19303239F73C500C06E62 /* AppConstants.swift */,
				3AF19305239F743200C06E62 /* UrlConstants.swift */,
			);
			path = Helper;
			sourceTree = "<group>";
		};
		3AF19307239F882700C06E62 /* Cell */ = {
			isa = PBXGroup;
			children = (
				3AF19308239F885800C06E62 /* FeatureNewsCell.swift */,
				3AF1930A239F997900C06E62 /* AllNewsCell.swift */,
			);
			path = Cell;
			sourceTree = "<group>";
		};
		42E7BF53C9B8558709C2C9E8 /* Frameworks */ = {
			isa = PBXGroup;
			children = (
				B9C1E0E266ABF0B89AF28F5A /* Pods_Swivel_News.framework */,
				1B19D0D775960EA34E403D44 /* Pods_Swivel_News_Swivel_NewsUITests.framework */,
				8B0A11D0FDDC8F76C3DDEDEB /* Pods_Swivel_NewsTests.framework */,
			);
			name = Frameworks;
			sourceTree = "<group>";
		};
/* End PBXGroup section */

/* Begin PBXNativeTarget section */
		3A1C67DB239F5A8500E0B323 /* Swivel-News */ = {
			isa = PBXNativeTarget;
			buildConfigurationList = 3A1C6806239F5A8600E0B323 /* Build configuration list for PBXNativeTarget "Swivel-News" */;
			buildPhases = (
				B94FED6CE6575646C1878430 /* [CP] Check Pods Manifest.lock */,
				3A1C67D8239F5A8500E0B323 /* Sources */,
				3A1C67D9239F5A8500E0B323 /* Frameworks */,
				3A1C67DA239F5A8500E0B323 /* Resources */,
				503A847E858448DBED765320 /* [CP] Embed Pods Frameworks */,
			);
			buildRules = (
			);
			dependencies = (
			);
			name = "Swivel-News";
			productName = "Swivel-News";
			productReference = 3A1C67DC239F5A8500E0B323 /* Swivel-News.app */;
			productType = "com.apple.product-type.application";
		};
		3A1C67F1239F5A8600E0B323 /* Swivel-NewsTests */ = {
			isa = PBXNativeTarget;
			buildConfigurationList = 3A1C6809239F5A8600E0B323 /* Build configuration list for PBXNativeTarget "Swivel-NewsTests" */;
			buildPhases = (
				B141CB5834F29AC8F8F78A6B /* [CP] Check Pods Manifest.lock */,
				3A1C67EE239F5A8600E0B323 /* Sources */,
				3A1C67EF239F5A8600E0B323 /* Frameworks */,
				3A1C67F0239F5A8600E0B323 /* Resources */,
			);
			buildRules = (
			);
			dependencies = (
				3A1C67F4239F5A8600E0B323 /* PBXTargetDependency */,
			);
			name = "Swivel-NewsTests";
			productName = "Swivel-NewsTests";
			productReference = 3A1C67F2239F5A8600E0B323 /* Swivel-NewsTests.xctest */;
			productType = "com.apple.product-type.bundle.unit-test";
		};
		3A1C67FC239F5A8600E0B323 /* Swivel-NewsUITests */ = {
			isa = PBXNativeTarget;
			buildConfigurationList = 3A1C680C239F5A8600E0B323 /* Build configuration list for PBXNativeTarget "Swivel-NewsUITests" */;
			buildPhases = (
				BF6828A6DAB70C0927EB33BB /* [CP] Check Pods Manifest.lock */,
				3A1C67F9239F5A8600E0B323 /* Sources */,
				3A1C67FA239F5A8600E0B323 /* Frameworks */,
				3A1C67FB239F5A8600E0B323 /* Resources */,
				20F2852BEBABFAECC0196BFF /* [CP] Embed Pods Frameworks */,
			);
			buildRules = (
			);
			dependencies = (
				3A1C67FF239F5A8600E0B323 /* PBXTargetDependency */,
			);
			name = "Swivel-NewsUITests";
			productName = "Swivel-NewsUITests";
			productReference = 3A1C67FD239F5A8600E0B323 /* Swivel-NewsUITests.xctest */;
			productType = "com.apple.product-type.bundle.ui-testing";
		};
/* End PBXNativeTarget section */

/* Begin PBXProject section */
		3A1C67D4239F5A8500E0B323 /* Project object */ = {
			isa = PBXProject;
			attributes = {
				LastSwiftUpdateCheck = 1120;
				LastUpgradeCheck = 1120;
				ORGANIZATIONNAME = "Harsha Kuruwita";
				TargetAttributes = {
					3A1C67DB239F5A8500E0B323 = {
						CreatedOnToolsVersion = 11.2.1;
					};
					3A1C67F1239F5A8600E0B323 = {
						CreatedOnToolsVersion = 11.2.1;
						TestTargetID = 3A1C67DB239F5A8500E0B323;
					};
					3A1C67FC239F5A8600E0B323 = {
						CreatedOnToolsVersion = 11.2.1;
						TestTargetID = 3A1C67DB239F5A8500E0B323;
					};
				};
			};
			buildConfigurationList = 3A1C67D7239F5A8500E0B323 /* Build configuration list for PBXProject "Swivel-News" */;
			compatibilityVersion = "Xcode 9.3";
			developmentRegion = en;
			hasScannedForEncodings = 0;
			knownRegions = (
				en,
				Base,
			);
			mainGroup = 3A1C67D3239F5A8500E0B323;
			productRefGroup = 3A1C67DD239F5A8500E0B323 /* Products */;
			projectDirPath = "";
			projectRoot = "";
			targets = (
				3A1C67DB239F5A8500E0B323 /* Swivel-News */,
				3A1C67F1239F5A8600E0B323 /* Swivel-NewsTests */,
				3A1C67FC239F5A8600E0B323 /* Swivel-NewsUITests */,
			);
		};
/* End PBXProject section */

/* Begin PBXResourcesBuildPhase section */
		3A1C67DA239F5A8500E0B323 /* Resources */ = {
			isa = PBXResourcesBuildPhase;
			buildActionMask = 2147483647;
			files = (
				3A1C67EC239F5A8600E0B323 /* LaunchScreen.storyboard in Resources */,
				3A1C6813239F653300E0B323 /* GoogleService-Info.plist in Resources */,
				3A1C67E9239F5A8600E0B323 /* Assets.xcassets in Resources */,
				3A1C67E7239F5A8500E0B323 /* Main.storyboard in Resources */,
			);
			runOnlyForDeploymentPostprocessing = 0;
		};
		3A1C67F0239F5A8600E0B323 /* Resources */ = {
			isa = PBXResourcesBuildPhase;
			buildActionMask = 2147483647;
			files = (
			);
			runOnlyForDeploymentPostprocessing = 0;
		};
		3A1C67FB239F5A8600E0B323 /* Resources */ = {
			isa = PBXResourcesBuildPhase;
			buildActionMask = 2147483647;
			files = (
			);
			runOnlyForDeploymentPostprocessing = 0;
		};
/* End PBXResourcesBuildPhase section */

/* Begin PBXShellScriptBuildPhase section */
		20F2852BEBABFAECC0196BFF /* [CP] Embed Pods Frameworks */ = {
			isa = PBXShellScriptBuildPhase;
			buildActionMask = 2147483647;
			files = (
			);
			inputFileListPaths = (
				"${PODS_ROOT}/Target Support Files/Pods-Swivel-News-Swivel-NewsUITests/Pods-Swivel-News-Swivel-NewsUITests-frameworks-${CONFIGURATION}-input-files.xcfilelist",
			);
			name = "[CP] Embed Pods Frameworks";
			outputFileListPaths = (
				"${PODS_ROOT}/Target Support Files/Pods-Swivel-News-Swivel-NewsUITests/Pods-Swivel-News-Swivel-NewsUITests-frameworks-${CONFIGURATION}-output-files.xcfilelist",
			);
			runOnlyForDeploymentPostprocessing = 0;
			shellPath = /bin/sh;
			shellScript = "\"${PODS_ROOT}/Target Support Files/Pods-Swivel-News-Swivel-NewsUITests/Pods-Swivel-News-Swivel-NewsUITests-frameworks.sh\"\n";
			showEnvVarsInLog = 0;
		};
		503A847E858448DBED765320 /* [CP] Embed Pods Frameworks */ = {
			isa = PBXShellScriptBuildPhase;
			buildActionMask = 2147483647;
			files = (
			);
			inputFileListPaths = (
				"${PODS_ROOT}/Target Support Files/Pods-Swivel-News/Pods-Swivel-News-frameworks-${CONFIGURATION}-input-files.xcfilelist",
			);
			name = "[CP] Embed Pods Frameworks";
			outputFileListPaths = (
				"${PODS_ROOT}/Target Support Files/Pods-Swivel-News/Pods-Swivel-News-frameworks-${CONFIGURATION}-output-files.xcfilelist",
			);
			runOnlyForDeploymentPostprocessing = 0;
			shellPath = /bin/sh;
			shellScript = "\"${PODS_ROOT}/Target Support Files/Pods-Swivel-News/Pods-Swivel-News-frameworks.sh\"\n";
			showEnvVarsInLog = 0;
		};
		B141CB5834F29AC8F8F78A6B /* [CP] Check Pods Manifest.lock */ = {
			isa = PBXShellScriptBuildPhase;
			buildActionMask = 2147483647;
			files = (
			);
			inputFileListPaths = (
			);
			inputPaths = (
				"${PODS_PODFILE_DIR_PATH}/Podfile.lock",
				"${PODS_ROOT}/Manifest.lock",
			);
			name = "[CP] Check Pods Manifest.lock";
			outputFileListPaths = (
			);
			outputPaths = (
				"$(DERIVED_FILE_DIR)/Pods-Swivel-NewsTests-checkManifestLockResult.txt",
			);
			runOnlyForDeploymentPostprocessing = 0;
			shellPath = /bin/sh;
			shellScript = "diff \"${PODS_PODFILE_DIR_PATH}/Podfile.lock\" \"${PODS_ROOT}/Manifest.lock\" > /dev/null\nif [ $? != 0 ] ; then\n    # print error to STDERR\n    echo \"error: The sandbox is not in sync with the Podfile.lock. Run 'pod install' or update your CocoaPods installation.\" >&2\n    exit 1\nfi\n# This output is used by Xcode 'outputs' to avoid re-running this script phase.\necho \"SUCCESS\" > \"${SCRIPT_OUTPUT_FILE_0}\"\n";
			showEnvVarsInLog = 0;
		};
		B94FED6CE6575646C1878430 /* [CP] Check Pods Manifest.lock */ = {
			isa = PBXShellScriptBuildPhase;
			buildActionMask = 2147483647;
			files = (
			);
			inputFileListPaths = (
			);
			inputPaths = (
				"${PODS_PODFILE_DIR_PATH}/Podfile.lock",
				"${PODS_ROOT}/Manifest.lock",
			);
			name = "[CP] Check Pods Manifest.lock";
			outputFileListPaths = (
			);
			outputPaths = (
				"$(DERIVED_FILE_DIR)/Pods-Swivel-News-checkManifestLockResult.txt",
			);
			runOnlyForDeploymentPostprocessing = 0;
			shellPath = /bin/sh;
			shellScript = "diff \"${PODS_PODFILE_DIR_PATH}/Podfile.lock\" \"${PODS_ROOT}/Manifest.lock\" > /dev/null\nif [ $? != 0 ] ; then\n    # print error to STDERR\n    echo \"error: The sandbox is not in sync with the Podfile.lock. Run 'pod install' or update your CocoaPods installation.\" >&2\n    exit 1\nfi\n# This output is used by Xcode 'outputs' to avoid re-running this script phase.\necho \"SUCCESS\" > \"${SCRIPT_OUTPUT_FILE_0}\"\n";
			showEnvVarsInLog = 0;
		};
		BF6828A6DAB70C0927EB33BB /* [CP] Check Pods Manifest.lock */ = {
			isa = PBXShellScriptBuildPhase;
			buildActionMask = 2147483647;
			files = (
			);
			inputFileListPaths = (
			);
			inputPaths = (
				"${PODS_PODFILE_DIR_PATH}/Podfile.lock",
				"${PODS_ROOT}/Manifest.lock",
			);
			name = "[CP] Check Pods Manifest.lock";
			outputFileListPaths = (
			);
			outputPaths = (
				"$(DERIVED_FILE_DIR)/Pods-Swivel-News-Swivel-NewsUITests-checkManifestLockResult.txt",
			);
			runOnlyForDeploymentPostprocessing = 0;
			shellPath = /bin/sh;
			shellScript = "diff \"${PODS_PODFILE_DIR_PATH}/Podfile.lock\" \"${PODS_ROOT}/Manifest.lock\" > /dev/null\nif [ $? != 0 ] ; then\n    # print error to STDERR\n    echo \"error: The sandbox is not in sync with the Podfile.lock. Run 'pod install' or update your CocoaPods installation.\" >&2\n    exit 1\nfi\n# This output is used by Xcode 'outputs' to avoid re-running this script phase.\necho \"SUCCESS\" > \"${SCRIPT_OUTPUT_FILE_0}\"\n";
			showEnvVarsInLog = 0;
		};
/* End PBXShellScriptBuildPhase section */

/* Begin PBXSourcesBuildPhase section */
		3A1C67D8239F5A8500E0B323 /* Sources */ = {
			isa = PBXSourcesBuildPhase;
			buildActionMask = 2147483647;
			files = (
				3AF192FF239F709F00C06E62 /* RestClient.swift in Sources */,
				3A1C67E4239F5A8500E0B323 /* ViewController.swift in Sources */,
				3A1C67E0239F5A8500E0B323 /* AppDelegate.swift in Sources */,
				3A1C6815239F66CB00E0B323 /* Switcher.swift in Sources */,
				3AF19301239F70B800C06E62 /* ResponseSwift.swift in Sources */,
				3AF19309239F885800C06E62 /* FeatureNewsCell.swift in Sources */,
				3A1C6819239F67B600E0B323 /* AuthenticationNavigation.swift in Sources */,
				3AF192FD239F6FD900C06E62 /* AllNewsVC.swift in Sources */,
				3AF19306239F743200C06E62 /* UrlConstants.swift in Sources */,
				3A1C681B239F682200E0B323 /* ApplicationNavigation.swift in Sources */,
				3A1C67E2239F5A8500E0B323 /* SceneDelegate.swift in Sources */,
				3AF1930B239F997900C06E62 /* AllNewsCell.swift in Sources */,
				3AF19304239F73C500C06E62 /* AppConstants.swift in Sources */,
			);
			runOnlyForDeploymentPostprocessing = 0;
		};
		3A1C67EE239F5A8600E0B323 /* Sources */ = {
			isa = PBXSourcesBuildPhase;
			buildActionMask = 2147483647;
			files = (
				3A1C67F7239F5A8600E0B323 /* Swivel_NewsTests.swift in Sources */,
			);
			runOnlyForDeploymentPostprocessing = 0;
		};
		3A1C67F9239F5A8600E0B323 /* Sources */ = {
			isa = PBXSourcesBuildPhase;
			buildActionMask = 2147483647;
			files = (
				3A1C6802239F5A8600E0B323 /* Swivel_NewsUITests.swift in Sources */,
			);
			runOnlyForDeploymentPostprocessing = 0;
		};
/* End PBXSourcesBuildPhase section */

/* Begin PBXTargetDependency section */
		3A1C67F4239F5A8600E0B323 /* PBXTargetDependency */ = {
			isa = PBXTargetDependency;
			target = 3A1C67DB239F5A8500E0B323 /* Swivel-News */;
			targetProxy = 3A1C67F3239F5A8600E0B323 /* PBXContainerItemProxy */;
		};
		3A1C67FF239F5A8600E0B323 /* PBXTargetDependency */ = {
			isa = PBXTargetDependency;
			target = 3A1C67DB239F5A8500E0B323 /* Swivel-News */;
			targetProxy = 3A1C67FE239F5A8600E0B323 /* PBXContainerItemProxy */;
		};
/* End PBXTargetDependency section */

/* Begin PBXVariantGroup section */
		3A1C67E5239F5A8500E0B323 /* Main.storyboard */ = {
			isa = PBXVariantGroup;
			children = (
				3A1C67E6239F5A8500E0B323 /* Base */,
			);
			name = Main.storyboard;
			sourceTree = "<group>";
		};
		3A1C67EA239F5A8600E0B323 /* LaunchScreen.storyboard */ = {
			isa = PBXVariantGroup;
			children = (
				3A1C67EB239F5A8600E0B323 /* Base */,
			);
			name = LaunchScreen.storyboard;
			sourceTree = "<group>";
		};
/* End PBXVariantGroup section */

/* Begin XCBuildConfiguration section */
		3A1C6804239F5A8600E0B323 /* Debug */ = {
			isa = XCBuildConfiguration;
			buildSettings = {
				ALWAYS_SEARCH_USER_PATHS = NO;
				CLANG_ANALYZER_NONNULL = YES;
				CLANG_ANALYZER_NUMBER_OBJECT_CONVERSION = YES_AGGRESSIVE;
				CLANG_CXX_LANGUAGE_STANDARD = "gnu++14";
				CLANG_CXX_LIBRARY = "libc++";
				CLANG_ENABLE_MODULES = YES;
				CLANG_ENABLE_OBJC_ARC = YES;
				CLANG_ENABLE_OBJC_WEAK = YES;
				CLANG_WARN_BLOCK_CAPTURE_AUTORELEASING = YES;
				CLANG_WARN_BOOL_CONVERSION = YES;
				CLANG_WARN_COMMA = YES;
				CLANG_WARN_CONSTANT_CONVERSION = YES;
				CLANG_WARN_DEPRECATED_OBJC_IMPLEMENTATIONS = YES;
				CLANG_WARN_DIRECT_OBJC_ISA_USAGE = YES_ERROR;
				CLANG_WARN_DOCUMENTATION_COMMENTS = YES;
				CLANG_WARN_EMPTY_BODY = YES;
				CLANG_WARN_ENUM_CONVERSION = YES;
				CLANG_WARN_INFINITE_RECURSION = YES;
				CLANG_WARN_INT_CONVERSION = YES;
				CLANG_WARN_NON_LITERAL_NULL_CONVERSION = YES;
				CLANG_WARN_OBJC_IMPLICIT_RETAIN_SELF = YES;
				CLANG_WARN_OBJC_LITERAL_CONVERSION = YES;
				CLANG_WARN_OBJC_ROOT_CLASS = YES_ERROR;
				CLANG_WARN_RANGE_LOOP_ANALYSIS = YES;
				CLANG_WARN_STRICT_PROTOTYPES = YES;
				CLANG_WARN_SUSPICIOUS_MOVE = YES;
				CLANG_WARN_UNGUARDED_AVAILABILITY = YES_AGGRESSIVE;
				CLANG_WARN_UNREACHABLE_CODE = YES;
				CLANG_WARN__DUPLICATE_METHOD_MATCH = YES;
				COPY_PHASE_STRIP = NO;
				DEBUG_INFORMATION_FORMAT = dwarf;
				ENABLE_STRICT_OBJC_MSGSEND = YES;
				ENABLE_TESTABILITY = YES;
				GCC_C_LANGUAGE_STANDARD = gnu11;
				GCC_DYNAMIC_NO_PIC = NO;
				GCC_NO_COMMON_BLOCKS = YES;
				GCC_OPTIMIZATION_LEVEL = 0;
				GCC_PREPROCESSOR_DEFINITIONS = (
					"DEBUG=1",
					"$(inherited)",
				);
				GCC_WARN_64_TO_32_BIT_CONVERSION = YES;
				GCC_WARN_ABOUT_RETURN_TYPE = YES_ERROR;
				GCC_WARN_UNDECLARED_SELECTOR = YES;
				GCC_WARN_UNINITIALIZED_AUTOS = YES_AGGRESSIVE;
				GCC_WARN_UNUSED_FUNCTION = YES;
				GCC_WARN_UNUSED_VARIABLE = YES;
				IPHONEOS_DEPLOYMENT_TARGET = 13.2;
				MTL_ENABLE_DEBUG_INFO = INCLUDE_SOURCE;
				MTL_FAST_MATH = YES;
				ONLY_ACTIVE_ARCH = YES;
				SDKROOT = iphoneos;
				SWIFT_ACTIVE_COMPILATION_CONDITIONS = DEBUG;
				SWIFT_OPTIMIZATION_LEVEL = "-Onone";
			};
			name = Debug;
		};
		3A1C6805239F5A8600E0B323 /* Release */ = {
			isa = XCBuildConfiguration;
			buildSettings = {
				ALWAYS_SEARCH_USER_PATHS = NO;
				CLANG_ANALYZER_NONNULL = YES;
				CLANG_ANALYZER_NUMBER_OBJECT_CONVERSION = YES_AGGRESSIVE;
				CLANG_CXX_LANGUAGE_STANDARD = "gnu++14";
				CLANG_CXX_LIBRARY = "libc++";
				CLANG_ENABLE_MODULES = YES;
				CLANG_ENABLE_OBJC_ARC = YES;
				CLANG_ENABLE_OBJC_WEAK = YES;
				CLANG_WARN_BLOCK_CAPTURE_AUTORELEASING = YES;
				CLANG_WARN_BOOL_CONVERSION = YES;
				CLANG_WARN_COMMA = YES;
				CLANG_WARN_CONSTANT_CONVERSION = YES;
				CLANG_WARN_DEPRECATED_OBJC_IMPLEMENTATIONS = YES;
				CLANG_WARN_DIRECT_OBJC_ISA_USAGE = YES_ERROR;
				CLANG_WARN_DOCUMENTATION_COMMENTS = YES;
				CLANG_WARN_EMPTY_BODY = YES;
				CLANG_WARN_ENUM_CONVERSION = YES;
				CLANG_WARN_INFINITE_RECURSION = YES;
				CLANG_WARN_INT_CONVERSION = YES;
				CLANG_WARN_NON_LITERAL_NULL_CONVERSION = YES;
				CLANG_WARN_OBJC_IMPLICIT_RETAIN_SELF = YES;
				CLANG_WARN_OBJC_LITERAL_CONVERSION = YES;
				CLANG_WARN_OBJC_ROOT_CLASS = YES_ERROR;
				CLANG_WARN_RANGE_LOOP_ANALYSIS = YES;
				CLANG_WARN_STRICT_PROTOTYPES = YES;
				CLANG_WARN_SUSPICIOUS_MOVE = YES;
				CLANG_WARN_UNGUARDED_AVAILABILITY = YES_AGGRESSIVE;
				CLANG_WARN_UNREACHABLE_CODE = YES;
				CLANG_WARN__DUPLICATE_METHOD_MATCH = YES;
				COPY_PHASE_STRIP = NO;
				DEBUG_INFORMATION_FORMAT = "dwarf-with-dsym";
				ENABLE_NS_ASSERTIONS = NO;
				ENABLE_STRICT_OBJC_MSGSEND = YES;
				GCC_C_LANGUAGE_STANDARD = gnu11;
				GCC_NO_COMMON_BLOCKS = YES;
				GCC_WARN_64_TO_32_BIT_CONVERSION = YES;
				GCC_WARN_ABOUT_RETURN_TYPE = YES_ERROR;
				GCC_WARN_UNDECLARED_SELECTOR = YES;
				GCC_WARN_UNINITIALIZED_AUTOS = YES_AGGRESSIVE;
				GCC_WARN_UNUSED_FUNCTION = YES;
				GCC_WARN_UNUSED_VARIABLE = YES;
				IPHONEOS_DEPLOYMENT_TARGET = 13.2;
				MTL_ENABLE_DEBUG_INFO = NO;
				MTL_FAST_MATH = YES;
				SDKROOT = iphoneos;
				SWIFT_COMPILATION_MODE = wholemodule;
				SWIFT_OPTIMIZATION_LEVEL = "-O";
				VALIDATE_PRODUCT = YES;
			};
			name = Release;
		};
		3A1C6807239F5A8600E0B323 /* Debug */ = {
			isa = XCBuildConfiguration;
			baseConfigurationReference = B760F242F6FDADD315C01120 /* Pods-Swivel-News.debug.xcconfig */;
			buildSettings = {
				ASSETCATALOG_COMPILER_APPICON_NAME = AppIcon;
				CODE_SIGN_STYLE = Automatic;
				DEVELOPMENT_TEAM = 6W49AKL4C3;
				INFOPLIST_FILE = "Swivel-News/Info.plist";
				LD_RUNPATH_SEARCH_PATHS = (
					"$(inherited)",
					"@executable_path/Frameworks",
				);
				PRODUCT_BUNDLE_IDENTIFIER = "com.Swivel.au.Swivel-News";
				PRODUCT_NAME = "$(TARGET_NAME)";
				SWIFT_VERSION = 5.0;
				TARGETED_DEVICE_FAMILY = "1,2";
			};
			name = Debug;
		};
		3A1C6808239F5A8600E0B323 /* Release */ = {
			isa = XCBuildConfiguration;
			baseConfigurationReference = 7BFAFD1A836FA372503597C1 /* Pods-Swivel-News.release.xcconfig */;
			buildSettings = {
				ASSETCATALOG_COMPILER_APPICON_NAME = AppIcon;
				CODE_SIGN_STYLE = Automatic;
				DEVELOPMENT_TEAM = 6W49AKL4C3;
				INFOPLIST_FILE = "Swivel-News/Info.plist";
				LD_RUNPATH_SEARCH_PATHS = (
					"$(inherited)",
					"@executable_path/Frameworks",
				);
				PRODUCT_BUNDLE_IDENTIFIER = "com.Swivel.au.Swivel-News";
				PRODUCT_NAME = "$(TARGET_NAME)";
				SWIFT_VERSION = 5.0;
				TARGETED_DEVICE_FAMILY = "1,2";
			};
			name = Release;
		};
		3A1C680A239F5A8600E0B323 /* Debug */ = {
			isa = XCBuildConfiguration;
			baseConfigurationReference = 2D283CD98460D7CF4C590934 /* Pods-Swivel-NewsTests.debug.xcconfig */;
			buildSettings = {
				ALWAYS_EMBED_SWIFT_STANDARD_LIBRARIES = YES;
				BUNDLE_LOADER = "$(TEST_HOST)";
				CODE_SIGN_STYLE = Automatic;
				DEVELOPMENT_TEAM = 6W49AKL4C3;
				INFOPLIST_FILE = "Swivel-NewsTests/Info.plist";
				IPHONEOS_DEPLOYMENT_TARGET = 13.2;
				LD_RUNPATH_SEARCH_PATHS = (
					"$(inherited)",
					"@executable_path/Frameworks",
					"@loader_path/Frameworks",
				);
				PRODUCT_BUNDLE_IDENTIFIER = "com.Swivel.au.Swivel-NewsTests";
				PRODUCT_NAME = "$(TARGET_NAME)";
				SWIFT_VERSION = 5.0;
				TARGETED_DEVICE_FAMILY = "1,2";
				TEST_HOST = "$(BUILT_PRODUCTS_DIR)/Swivel-News.app/Swivel-News";
			};
			name = Debug;
		};
		3A1C680B239F5A8600E0B323 /* Release */ = {
			isa = XCBuildConfiguration;
			baseConfigurationReference = 869213663EA1927B155862C1 /* Pods-Swivel-NewsTests.release.xcconfig */;
			buildSettings = {
				ALWAYS_EMBED_SWIFT_STANDARD_LIBRARIES = YES;
				BUNDLE_LOADER = "$(TEST_HOST)";
				CODE_SIGN_STYLE = Automatic;
				DEVELOPMENT_TEAM = 6W49AKL4C3;
				INFOPLIST_FILE = "Swivel-NewsTests/Info.plist";
				IPHONEOS_DEPLOYMENT_TARGET = 13.2;
				LD_RUNPATH_SEARCH_PATHS = (
					"$(inherited)",
					"@executable_path/Frameworks",
					"@loader_path/Frameworks",
				);
				PRODUCT_BUNDLE_IDENTIFIER = "com.Swivel.au.Swivel-NewsTests";
				PRODUCT_NAME = "$(TARGET_NAME)";
				SWIFT_VERSION = 5.0;
				TARGETED_DEVICE_FAMILY = "1,2";
				TEST_HOST = "$(BUILT_PRODUCTS_DIR)/Swivel-News.app/Swivel-News";
			};
			name = Release;
		};
		3A1C680D239F5A8600E0B323 /* Debug */ = {
			isa = XCBuildConfiguration;
			baseConfigurationReference = 1AAFB8AF9A554FE203F893A7 /* Pods-Swivel-News-Swivel-NewsUITests.debug.xcconfig */;
			buildSettings = {
				ALWAYS_EMBED_SWIFT_STANDARD_LIBRARIES = YES;
				CODE_SIGN_STYLE = Automatic;
				DEVELOPMENT_TEAM = 6W49AKL4C3;
				INFOPLIST_FILE = "Swivel-NewsUITests/Info.plist";
				LD_RUNPATH_SEARCH_PATHS = (
					"$(inherited)",
					"@executable_path/Frameworks",
					"@loader_path/Frameworks",
				);
				PRODUCT_BUNDLE_IDENTIFIER = "com.Swivel.au.Swivel-NewsUITests";
				PRODUCT_NAME = "$(TARGET_NAME)";
				SWIFT_VERSION = 5.0;
				TARGETED_DEVICE_FAMILY = "1,2";
				TEST_TARGET_NAME = "Swivel-News";
			};
			name = Debug;
		};
		3A1C680E239F5A8600E0B323 /* Release */ = {
			isa = XCBuildConfiguration;
			baseConfigurationReference = 359017495460F22955F04229 /* Pods-Swivel-News-Swivel-NewsUITests.release.xcconfig */;
			buildSettings = {
				ALWAYS_EMBED_SWIFT_STANDARD_LIBRARIES = YES;
				CODE_SIGN_STYLE = Automatic;
				DEVELOPMENT_TEAM = 6W49AKL4C3;
				INFOPLIST_FILE = "Swivel-NewsUITests/Info.plist";
				LD_RUNPATH_SEARCH_PATHS = (
					"$(inherited)",
					"@executable_path/Frameworks",
					"@loader_path/Frameworks",
				);
				PRODUCT_BUNDLE_IDENTIFIER = "com.Swivel.au.Swivel-NewsUITests";
				PRODUCT_NAME = "$(TARGET_NAME)";
				SWIFT_VERSION = 5.0;
				TARGETED_DEVICE_FAMILY = "1,2";
				TEST_TARGET_NAME = "Swivel-News";
			};
			name = Release;
		};
/* End XCBuildConfiguration section */

/* Begin XCConfigurationList section */
		3A1C67D7239F5A8500E0B323 /* Build configuration list for PBXProject "Swivel-News" */ = {
			isa = XCConfigurationList;
			buildConfigurations = (
				3A1C6804239F5A8600E0B323 /* Debug */,
				3A1C6805239F5A8600E0B323 /* Release */,
			);
			defaultConfigurationIsVisible = 0;
			defaultConfigurationName = Release;
		};
		3A1C6806239F5A8600E0B323 /* Build configuration list for PBXNativeTarget "Swivel-News" */ = {
			isa = XCConfigurationList;
			buildConfigurations = (
				3A1C6807239F5A8600E0B323 /* Debug */,
				3A1C6808239F5A8600E0B323 /* Release */,
			);
			defaultConfigurationIsVisible = 0;
			defaultConfigurationName = Release;
		};
		3A1C6809239F5A8600E0B323 /* Build configuration list for PBXNativeTarget "Swivel-NewsTests" */ = {
			isa = XCConfigurationList;
			buildConfigurations = (
				3A1C680A239F5A8600E0B323 /* Debug */,
				3A1C680B239F5A8600E0B323 /* Release */,
			);
			defaultConfigurationIsVisible = 0;
			defaultConfigurationName = Release;
		};
		3A1C680C239F5A8600E0B323 /* Build configuration list for PBXNativeTarget "Swivel-NewsUITests" */ = {
			isa = XCConfigurationList;
			buildConfigurations = (
				3A1C680D239F5A8600E0B323 /* Debug */,
				3A1C680E239F5A8600E0B323 /* Release */,
			);
			defaultConfigurationIsVisible = 0;
			defaultConfigurationName = Release;
		};
/* End XCConfigurationList section */
	};
	rootObject = 3A1C67D4239F5A8500E0B323 /* Project object */;
}
